
Microsoft Visual Studio Solution File, Format Version 12.00
# Visual Studio Version 16
VisualStudioVersion = 16.0.31624.102
MinimumVisualStudioVersion = 10.0.40219.1
Project("{FAE04EC0-301F-11D3-BF4B-00C04F79EFBC}") = "App6.Android", "App6.Android\App6.Android.csproj", "{39F4083D-7B3D-4E28-9EC4-0ECA6C8133A5}"
EndProject
Project("{FAE04EC0-301F-11D3-BF4B-00C04F79EFBC}") = "App6.iOS", "App6.iOS\App6.iOS.csproj", "{DF7CFC94-2F6F-4F33-8C26-57770A68C875}"
EndProject
Project("{FAE04EC0-301F-11D3-BF4B-00C04F79EFBC}") = "App6", "App6\App6.csproj", "{010655D6-AA89-4884-9352-CBB2C91F5C84}"
EndProject
Global
	GlobalSection(SolutionConfigurationPlatforms) = preSolution
		Debug|Any CPU = Debug|Any CPU
		Debug|iPhone = Debug|iPhone
		Debug|iPhoneSimulator = Debug|iPhoneSimulator
		Release|Any CPU = Release|Any CPU
		Release|iPhone = Release|iPhone
		Release|iPhoneSimulator = Release|iPhoneSimulator
	EndGlobalSection
	GlobalSection(ProjectConfigurationPlatforms) = postSolution
		{39F4083D-7B3D-4E28-9EC4-0ECA6C8133A5}.Debug|Any CPU.ActiveCfg = Debug|Any CPU
		{39F4083D-7B3D-4E28-9EC4-0ECA6C8133A5}.Debug|Any CPU.Build.0 = Debug|Any CPU
		{39F4083D-7B3D-4E28-9EC4-0ECA6C8133A5}.Debug|Any CPU.Deploy.0 = Debug|Any CPU
		{39F4083D-7B3D-4E28-9EC4-0ECA6C8133A5}.Debug|iPhone.ActiveCfg = Debug|Any CPU
		{39F4083D-7B3D-4E28-9EC4-0ECA6C8133A5}.Debug|iPhone.Build.0 = Debug|Any CPU
		{39F4083D-7B3D-4E28-9EC4-0ECA6C8133A5}.Debug|iPhone.Deploy.0 = Debug|Any CPU
		{39F4083D-7B3D-4E28-9EC4-0ECA6C8133A5}.Debug|iPhoneSimulator.ActiveCfg = Debug|Any CPU
		{39F4083D-7B3D-4E28-9EC4-0ECA6C8133A5}.Debug|iPhoneSimulator.Build.0 = Debug|Any CPU
		{39F4083D-7B3D-4E28-9EC4-0ECA6C8133A5}.Debug|iPhoneSimulator.Deploy.0 = Debug|Any CPU
		{39F4083D-7B3D-4E28-9EC4-0ECA6C8133A5}.Release|Any CPU.ActiveCfg = Release|Any CPU
		{39F4083D-7B3D-4E28-9EC4-0ECA6C8133A5}.Release|Any CPU.Build.0 = Release|Any CPU
		{39F4083D-7B3D-4E28-9EC4-0ECA6C8133A5}.Release|Any CPU.Deploy.0 = Release|Any CPU
		{39F4083D-7B3D-4E28-9EC4-0ECA6C8133A5}.Release|iPhone.ActiveCfg = Release|Any CPU
		{39F4083D-7B3D-4E28-9EC4-0ECA6C8133A5}.Release|iPhone.Build.0 = Release|Any CPU
		{39F4083D-7B3D-4E28-9EC4-0ECA6C8133A5}.Release|iPhone.Deploy.0 = Release|Any CPU
		{39F4083D-7B3D-4E28-9EC4-0ECA6C8133A5}.Release|iPhoneSimulator.ActiveCfg = Release|Any CPU
		{39F4083D-7B3D-4E28-9EC4-0ECA6C8133A5}.Release|iPhoneSimulator.Build.0 = Release|Any CPU
		{39F4083D-7B3D-4E28-9EC4-0ECA6C8133A5}.Release|iPhoneSimulator.Deploy.0 = Release|Any CPU
		{DF7CFC94-2F6F-4F33-8C26-57770A68C875}.Debug|Any CPU.ActiveCfg = Debug|iPhone
		{DF7CFC94-2F6F-4F33-8C26-57770A68C875}.Debug|Any CPU.Build.0 = Debug|iPhone
		{DF7CFC94-2F6F-4F33-8C26-57770A68C875}.Debug|Any CPU.Deploy.0 = Debug|iPhone
		{DF7CFC94-2F6F-4F33-8C26-57770A68C875}.Debug|iPhone.ActiveCfg = Debug|iPhone
		{DF7CFC94-2F6F-4F33-8C26-57770A68C875}.Debug|iPhone.Build.0 = Debug|iPhone
		{DF7CFC94-2F6F-4F33-8C26-57770A68C875}.Debug|iPhone.Deploy.0 = Debug|iPhone
		{DF7CFC94-2F6F-4F33-8C26-57770A68C875}.Debug|iPhoneSimulator.ActiveCfg = Debug|iPhoneSimulator
		{DF7CFC94-2F6F-4F33-8C26-57770A68C875}.Debug|iPhoneSimulator.Build.0 = Debug|iPhoneSimulator
		{DF7CFC94-2F6F-4F33-8C26-57770A68C875}.Debug|iPhoneSimulator.Deploy.0 = Debug|iPhoneSimulator
		{DF7CFC94-2F6F-4F33-8C26-57770A68C875}.Release|Any CPU.ActiveCfg = Release|iPhoneSimulator
		{DF7CFC94-2F6F-4F33-8C26-57770A68C875}.Release|Any CPU.Build.0 = Release|iPhoneSimulator
		{DF7CFC94-2F6F-4F33-8C26-57770A68C875}.Release|Any CPU.Deploy.0 = Release|iPhoneSimulator
		{DF7CFC94-2F6F-4F33-8C26-57770A68C875}.Release|iPhone.ActiveCfg = Release|iPhone
		{DF7CFC94-2F6F-4F33-8C26-57770A68C875}.Release|iPhone.Build.0 = Release|iPhone
		{DF7CFC94-2F6F-4F33-8C26-57770A68C875}.Release|iPhone.Deploy.0 = Release|iPhone
		{DF7CFC94-2F6F-4F33-8C26-57770A68C875}.Release|iPhoneSimulator.ActiveCfg = Release|iPhoneSimulator
		{DF7CFC94-2F6F-4F33-8C26-57770A68C875}.Release|iPhoneSimulator.Build.0 = Release|iPhoneSimulator
		{DF7CFC94-2F6F-4F33-8C26-57770A68C875}.Release|iPhoneSimulator.Deploy.0 = Release|iPhoneSimulator
		{010655D6-AA89-4884-9352-CBB2C91F5C84}.Debug|Any CPU.ActiveCfg = Debug|Any CPU
		{010655D6-AA89-4884-9352-CBB2C91F5C84}.Debug|Any CPU.Build.0 = Debug|Any CPU
		{010655D6-AA89-4884-9352-CBB2C91F5C84}.Debug|Any CPU.Deploy.0 = Debug|Any CPU
		{010655D6-AA89-4884-9352-CBB2C91F5C84}.Debug|iPhone.ActiveCfg = Debug|Any CPU
		{010655D6-AA89-4884-9352-CBB2C91F5C84}.Debug|iPhone.Build.0 = Debug|Any CPU
		{010655D6-AA89-4884-9352-CBB2C91F5C84}.Debug|iPhone.Deploy.0 = Debug|Any CPU
		{010655D6-AA89-4884-9352-CBB2C91F5C84}.Debug|iPhoneSimulator.ActiveCfg = Debug|Any CPU
		{010655D6-AA89-4884-9352-CBB2C91F5C84}.Debug|iPhoneSimulator.Build.0 = Debug|Any CPU
		{010655D6-AA89-4884-9352-CBB2C91F5C84}.Debug|iPhoneSimulator.Deploy.0 = Debug|Any CPU
		{010655D6-AA89-4884-9352-CBB2C91F5C84}.Release|Any CPU.ActiveCfg = Release|Any CPU
		{010655D6-AA89-4884-9352-CBB2C91F5C84}.Release|Any CPU.Build.0 = Release|Any CPU
		{010655D6-AA89-4884-9352-CBB2C91F5C84}.Release|Any CPU.Deploy.0 = Release|Any CPU
		{010655D6-AA89-4884-9352-CBB2C91F5C84}.Release|iPhone.ActiveCfg = Release|Any CPU
		{010655D6-AA89-4884-9352-CBB2C91F5C84}.Release|iPhone.Build.0 = Release|Any CPU
		{010655D6-AA89-4884-9352-CBB2C91F5C84}.Release|iPhone.Deploy.0 = Release|Any CPU
		{010655D6-AA89-4884-9352-CBB2C91F5C84}.Release|iPhoneSimulator.ActiveCfg = Release|Any CPU
		{010655D6-AA89-4884-9352-CBB2C91F5C84}.Release|iPhoneSimulator.Build.0 = Release|Any CPU
		{010655D6-AA89-4884-9352-CBB2C91F5C84}.Release|iPhoneSimulator.Deploy.0 = Release|Any CPU
	EndGlobalSection
	GlobalSection(SolutionProperties) = preSolution
		HideSolutionNode = FALSE
	EndGlobalSection
	GlobalSection(ExtensibilityGlobals) = postSolution
		SolutionGuid = {FFE707E1-A99F-4B51-B3E0-B497578C58FC}
	EndGlobalSection
EndGlobal
